// !$*UTF8*$!
{
	archiveVersion = 1;
	classes = {
	};
	objectVersion = 51;
	objects = {

/* Begin PBXBuildFile section */
		1ADF1187CDEE636BDC96F92A /* Pods_Survey_Schedule.framework in Frameworks */ = {isa = PBXBuildFile; fileRef = 89A86CD61C21DAF87A9CD818 /* Pods_Survey_Schedule.framework */; };
		6132195A24457B7C00FFFC22 /* stat_perm_start_cache.json in Resources */ = {isa = PBXBuildFile; fileRef = 6132195924457B7C00FFFC22 /* stat_perm_start_cache.json */; };
		6132195C2447AE4B00FFFC22 /* TimeUtil.swift in Sources */ = {isa = PBXBuildFile; fileRef = 6132195B2447AE4B00FFFC22 /* TimeUtil.swift */; };
		61470CD0243D65690069895C /* LoadingView.swift in Sources */ = {isa = PBXBuildFile; fileRef = 61470CCF243D65690069895C /* LoadingView.swift */; };
		615A92862426FAD7000AEEE5 /* cluster_info.json in Resources */ = {isa = PBXBuildFile; fileRef = 615A92832426FAD7000AEEE5 /* cluster_info.json */; };
		615A92872426FAD7000AEEE5 /* stat_info.json in Resources */ = {isa = PBXBuildFile; fileRef = 615A92842426FAD7000AEEE5 /* stat_info.json */; };
		615A92882426FAD7000AEEE5 /* stat_travel_time.json in Resources */ = {isa = PBXBuildFile; fileRef = 615A92852426FAD7000AEEE5 /* stat_travel_time.json */; };
		615A928A242723FC000AEEE5 /* DataUtil.swift in Sources */ = {isa = PBXBuildFile; fileRef = 615A9289242723FC000AEEE5 /* DataUtil.swift */; };
		615A928C24282382000AEEE5 /* DynamicRouting.swift in Sources */ = {isa = PBXBuildFile; fileRef = 615A928B24282382000AEEE5 /* DynamicRouting.swift */; };
		615A92D02429E6A2000AEEE5 /* ClusterRouting.swift in Sources */ = {isa = PBXBuildFile; fileRef = 615A92CF2429E6A2000AEEE5 /* ClusterRouting.swift */; };
		615A92D2242AD989000AEEE5 /* StationRouting.swift in Sources */ = {isa = PBXBuildFile; fileRef = 615A92D1242AD989000AEEE5 /* StationRouting.swift */; };
		615A92D6242C06C0000AEEE5 /* VisitLog.swift in Sources */ = {isa = PBXBuildFile; fileRef = 615A92D5242C06BF000AEEE5 /* VisitLog.swift */; };
		615A92DA24350760000AEEE5 /* Station.swift in Sources */ = {isa = PBXBuildFile; fileRef = 615A92D92435075F000AEEE5 /* Station.swift */; };
		615A92DC2435A5A9000AEEE5 /* StationDetails.swift in Sources */ = {isa = PBXBuildFile; fileRef = 615A92DB2435A5A9000AEEE5 /* StationDetails.swift */; };
		615A92DF2436F044000AEEE5 /* CircleImage.swift in Sources */ = {isa = PBXBuildFile; fileRef = 615A92DE2436F044000AEEE5 /* CircleImage.swift */; };
		615A92E12436F0C6000AEEE5 /* StationMapView.swift in Sources */ = {isa = PBXBuildFile; fileRef = 615A92E02436F0C6000AEEE5 /* StationMapView.swift */; };
		615A92E32436F8F0000AEEE5 /* chilkoottrail.jpg in Resources */ = {isa = PBXBuildFile; fileRef = 615A92E22436F8F0000AEEE5 /* chilkoottrail.jpg */; };
		619847D12442E3C7005FA1F3 /* stat_perm_cache.json in Resources */ = {isa = PBXBuildFile; fileRef = 619847D02442E3C7005FA1F3 /* stat_perm_cache.json */; };
		61A3DA0924198D200071C7E9 /* AppDelegate.swift in Sources */ = {isa = PBXBuildFile; fileRef = 61A3DA0824198D200071C7E9 /* AppDelegate.swift */; };
		61A3DA0B24198D200071C7E9 /* SceneDelegate.swift in Sources */ = {isa = PBXBuildFile; fileRef = 61A3DA0A24198D200071C7E9 /* SceneDelegate.swift */; };
		61A3DA0F24198D210071C7E9 /* Assets.xcassets in Resources */ = {isa = PBXBuildFile; fileRef = 61A3DA0E24198D210071C7E9 /* Assets.xcassets */; };
		61A3DA1224198D210071C7E9 /* Preview Assets.xcassets in Resources */ = {isa = PBXBuildFile; fileRef = 61A3DA1124198D210071C7E9 /* Preview Assets.xcassets */; };
		61A3DA1524198D210071C7E9 /* LaunchScreen.storyboard in Resources */ = {isa = PBXBuildFile; fileRef = 61A3DA1324198D210071C7E9 /* LaunchScreen.storyboard */; };
		61A3DA3D2419C3820071C7E9 /* MainViewController.swift in Sources */ = {isa = PBXBuildFile; fileRef = 61A3DA3C2419C3820071C7E9 /* MainViewController.swift */; };
		61A3DA412419E3B30071C7E9 /* MapView.swift in Sources */ = {isa = PBXBuildFile; fileRef = 61A3DA402419E3B30071C7E9 /* MapView.swift */; };
		61A3DA50241D690F0071C7E9 /* SlideOverCard.swift in Sources */ = {isa = PBXBuildFile; fileRef = 61A3DA4F241D690F0071C7E9 /* SlideOverCard.swift */; };
		61A3DA56241DA6790071C7E9 /* NextStatCardView.swift in Sources */ = {isa = PBXBuildFile; fileRef = 61A3DA55241DA6790071C7E9 /* NextStatCardView.swift */; };
		61A3DA5A241EA1B00071C7E9 /* DoneButtonView.swift in Sources */ = {isa = PBXBuildFile; fileRef = 61A3DA59241EA1B00071C7E9 /* DoneButtonView.swift */; };
		61A3DA65241EB7780071C7E9 /* MasterButtonView.swift in Sources */ = {isa = PBXBuildFile; fileRef = 61A3DA64241EB7780071C7E9 /* MasterButtonView.swift */; };
		61A3DA67241EB8C60071C7E9 /* AllStationsButtonView.swift in Sources */ = {isa = PBXBuildFile; fileRef = 61A3DA66241EB8C60071C7E9 /* AllStationsButtonView.swift */; };
		61A3DA69241EB9750071C7E9 /* ScheduleCardView.swift in Sources */ = {isa = PBXBuildFile; fileRef = 61A3DA68241EB9750071C7E9 /* ScheduleCardView.swift */; };
		61A3DA6C241EC5940071C7E9 /* HavingTroubleButtonView.swift in Sources */ = {isa = PBXBuildFile; fileRef = 61A3DA6B241EC5940071C7E9 /* HavingTroubleButtonView.swift */; };
		61A3DA6E241EFC5E0071C7E9 /* TroublesCardView.swift in Sources */ = {isa = PBXBuildFile; fileRef = 61A3DA6D241EFC5D0071C7E9 /* TroublesCardView.swift */; };
		61A3DA70241F04750071C7E9 /* MainView.swift in Sources */ = {isa = PBXBuildFile; fileRef = 61A3DA6F241F04750071C7E9 /* MainView.swift */; };
/* End PBXBuildFile section */

/* Begin PBXFileReference section */
		0B4511DF892270897DD2FD6F /* Pods-Survey Schedule.debug.xcconfig */ = {isa = PBXFileReference; includeInIndex = 1; lastKnownFileType = text.xcconfig; name = "Pods-Survey Schedule.debug.xcconfig"; path = "Target Support Files/Pods-Survey Schedule/Pods-Survey Schedule.debug.xcconfig"; sourceTree = "<group>"; };
		3CA31DC08A2C805C7794E953 /* Pods-Survey Schedule.release.xcconfig */ = {isa = PBXFileReference; includeInIndex = 1; lastKnownFileType = text.xcconfig; name = "Pods-Survey Schedule.release.xcconfig"; path = "Target Support Files/Pods-Survey Schedule/Pods-Survey Schedule.release.xcconfig"; sourceTree = "<group>"; };
		6132195924457B7C00FFFC22 /* stat_perm_start_cache.json */ = {isa = PBXFileReference; lastKnownFileType = text.json; path = stat_perm_start_cache.json; sourceTree = "<group>"; };
		6132195B2447AE4B00FFFC22 /* TimeUtil.swift */ = {isa = PBXFileReference; lastKnownFileType = sourcecode.swift; path = TimeUtil.swift; sourceTree = "<group>"; };
		61470CCF243D65690069895C /* LoadingView.swift */ = {isa = PBXFileReference; lastKnownFileType = sourcecode.swift; path = LoadingView.swift; sourceTree = "<group>"; };
		615A92832426FAD7000AEEE5 /* cluster_info.json */ = {isa = PBXFileReference; fileEncoding = 4; lastKnownFileType = text.json; path = cluster_info.json; sourceTree = "<group>"; };
		615A92842426FAD7000AEEE5 /* stat_info.json */ = {isa = PBXFileReference; fileEncoding = 4; lastKnownFileType = text.json; path = stat_info.json; sourceTree = "<group>"; };
		615A92852426FAD7000AEEE5 /* stat_travel_time.json */ = {isa = PBXFileReference; fileEncoding = 4; lastKnownFileType = text.json; path = stat_travel_time.json; sourceTree = "<group>"; };
		615A9289242723FC000AEEE5 /* DataUtil.swift */ = {isa = PBXFileReference; lastKnownFileType = sourcecode.swift; path = DataUtil.swift; sourceTree = "<group>"; };
		615A928B24282382000AEEE5 /* DynamicRouting.swift */ = {isa = PBXFileReference; lastKnownFileType = sourcecode.swift; path = DynamicRouting.swift; sourceTree = "<group>"; };
		615A92CF2429E6A2000AEEE5 /* ClusterRouting.swift */ = {isa = PBXFileReference; lastKnownFileType = sourcecode.swift; path = ClusterRouting.swift; sourceTree = "<group>"; };
		615A92D1242AD989000AEEE5 /* StationRouting.swift */ = {isa = PBXFileReference; lastKnownFileType = sourcecode.swift; path = StationRouting.swift; sourceTree = "<group>"; };
		615A92D5242C06BF000AEEE5 /* VisitLog.swift */ = {isa = PBXFileReference; lastKnownFileType = sourcecode.swift; path = VisitLog.swift; sourceTree = "<group>"; };
		615A92D92435075F000AEEE5 /* Station.swift */ = {isa = PBXFileReference; lastKnownFileType = sourcecode.swift; path = Station.swift; sourceTree = "<group>"; };
		615A92DB2435A5A9000AEEE5 /* StationDetails.swift */ = {isa = PBXFileReference; lastKnownFileType = sourcecode.swift; path = StationDetails.swift; sourceTree = "<group>"; };
		615A92DE2436F044000AEEE5 /* CircleImage.swift */ = {isa = PBXFileReference; lastKnownFileType = sourcecode.swift; path = CircleImage.swift; sourceTree = "<group>"; };
		615A92E02436F0C6000AEEE5 /* StationMapView.swift */ = {isa = PBXFileReference; lastKnownFileType = sourcecode.swift; path = StationMapView.swift; sourceTree = "<group>"; };
		615A92E22436F8F0000AEEE5 /* chilkoottrail.jpg */ = {isa = PBXFileReference; lastKnownFileType = image.jpeg; path = chilkoottrail.jpg; sourceTree = "<group>"; };
		619847D02442E3C7005FA1F3 /* stat_perm_cache.json */ = {isa = PBXFileReference; lastKnownFileType = text.json; path = stat_perm_cache.json; sourceTree = "<group>"; };
		61A3DA0524198D200071C7E9 /* Survey Schedule.app */ = {isa = PBXFileReference; explicitFileType = wrapper.application; includeInIndex = 0; path = "Survey Schedule.app"; sourceTree = BUILT_PRODUCTS_DIR; };
		61A3DA0824198D200071C7E9 /* AppDelegate.swift */ = {isa = PBXFileReference; lastKnownFileType = sourcecode.swift; path = AppDelegate.swift; sourceTree = "<group>"; };
		61A3DA0A24198D200071C7E9 /* SceneDelegate.swift */ = {isa = PBXFileReference; lastKnownFileType = sourcecode.swift; path = SceneDelegate.swift; sourceTree = "<group>"; };
		61A3DA0E24198D210071C7E9 /* Assets.xcassets */ = {isa = PBXFileReference; lastKnownFileType = folder.assetcatalog; path = Assets.xcassets; sourceTree = "<group>"; };
		61A3DA1124198D210071C7E9 /* Preview Assets.xcassets */ = {isa = PBXFileReference; lastKnownFileType = folder.assetcatalog; path = "Preview Assets.xcassets"; sourceTree = "<group>"; };
		61A3DA1424198D210071C7E9 /* Base */ = {isa = PBXFileReference; lastKnownFileType = file.storyboard; name = Base; path = Base.lproj/LaunchScreen.storyboard; sourceTree = "<group>"; };
		61A3DA1624198D210071C7E9 /* Info.plist */ = {isa = PBXFileReference; lastKnownFileType = text.plist.xml; path = Info.plist; sourceTree = "<group>"; };
		61A3DA3C2419C3820071C7E9 /* MainViewController.swift */ = {isa = PBXFileReference; lastKnownFileType = sourcecode.swift; path = MainViewController.swift; sourceTree = "<group>"; };
		61A3DA402419E3B30071C7E9 /* MapView.swift */ = {isa = PBXFileReference; lastKnownFileType = sourcecode.swift; path = MapView.swift; sourceTree = "<group>"; };
		61A3DA4F241D690F0071C7E9 /* SlideOverCard.swift */ = {isa = PBXFileReference; lastKnownFileType = sourcecode.swift; path = SlideOverCard.swift; sourceTree = "<group>"; };
		61A3DA55241DA6790071C7E9 /* NextStatCardView.swift */ = {isa = PBXFileReference; lastKnownFileType = sourcecode.swift; path = NextStatCardView.swift; sourceTree = "<group>"; };
		61A3DA59241EA1B00071C7E9 /* DoneButtonView.swift */ = {isa = PBXFileReference; lastKnownFileType = sourcecode.swift; path = DoneButtonView.swift; sourceTree = "<group>"; };
		61A3DA64241EB7780071C7E9 /* MasterButtonView.swift */ = {isa = PBXFileReference; lastKnownFileType = sourcecode.swift; path = MasterButtonView.swift; sourceTree = "<group>"; };
		61A3DA66241EB8C60071C7E9 /* AllStationsButtonView.swift */ = {isa = PBXFileReference; lastKnownFileType = sourcecode.swift; path = AllStationsButtonView.swift; sourceTree = "<group>"; };
		61A3DA68241EB9750071C7E9 /* ScheduleCardView.swift */ = {isa = PBXFileReference; lastKnownFileType = sourcecode.swift; path = ScheduleCardView.swift; sourceTree = "<group>"; };
		61A3DA6B241EC5940071C7E9 /* HavingTroubleButtonView.swift */ = {isa = PBXFileReference; lastKnownFileType = sourcecode.swift; path = HavingTroubleButtonView.swift; sourceTree = "<group>"; };
		61A3DA6D241EFC5D0071C7E9 /* TroublesCardView.swift */ = {isa = PBXFileReference; lastKnownFileType = sourcecode.swift; path = TroublesCardView.swift; sourceTree = "<group>"; };
		61A3DA6F241F04750071C7E9 /* MainView.swift */ = {isa = PBXFileReference; lastKnownFileType = sourcecode.swift; path = MainView.swift; sourceTree = "<group>"; };
		89A86CD61C21DAF87A9CD818 /* Pods_Survey_Schedule.framework */ = {isa = PBXFileReference; explicitFileType = wrapper.framework; includeInIndex = 0; path = Pods_Survey_Schedule.framework; sourceTree = BUILT_PRODUCTS_DIR; };
/* End PBXFileReference section */

/* Begin PBXFrameworksBuildPhase section */
		61A3DA0224198D200071C7E9 /* Frameworks */ = {
			isa = PBXFrameworksBuildPhase;
			buildActionMask = 2147483647;
			files = (
				1ADF1187CDEE636BDC96F92A /* Pods_Survey_Schedule.framework in Frameworks */,
			);
			runOnlyForDeploymentPostprocessing = 0;
		};
/* End PBXFrameworksBuildPhase section */

/* Begin PBXGroup section */
		1DEAE3CA79FB20FC5A4FE22E /* Frameworks */ = {
			isa = PBXGroup;
			children = (
				89A86CD61C21DAF87A9CD818 /* Pods_Survey_Schedule.framework */,
			);
			name = Frameworks;
			sourceTree = "<group>";
		};
		615A92D7242EAEE2000AEEE5 /* Routing */ = {
			isa = PBXGroup;
			children = (
				615A928B24282382000AEEE5 /* DynamicRouting.swift */,
				615A92CF2429E6A2000AEEE5 /* ClusterRouting.swift */,
				615A92D1242AD989000AEEE5 /* StationRouting.swift */,
			);
			path = Routing;
			sourceTree = "<group>";
		};
		615A92D82435071D000AEEE5 /* Models */ = {
			isa = PBXGroup;
			children = (
				615A9289242723FC000AEEE5 /* DataUtil.swift */,
				6132195B2447AE4B00FFFC22 /* TimeUtil.swift */,
				615A92D92435075F000AEEE5 /* Station.swift */,
				615A92D5242C06BF000AEEE5 /* VisitLog.swift */,
			);
			path = Models;
			sourceTree = "<group>";
		};
		615A92DD2436F022000AEEE5 /* Views */ = {
			isa = PBXGroup;
			children = (
				61A3DA4F241D690F0071C7E9 /* SlideOverCard.swift */,
				615A92DE2436F044000AEEE5 /* CircleImage.swift */,
				615A92E02436F0C6000AEEE5 /* StationMapView.swift */,
				61470CCF243D65690069895C /* LoadingView.swift */,
				61A3DA402419E3B30071C7E9 /* MapView.swift */,
			);
			path = Views;
			sourceTree = "<group>";
		};
		61A3D9FC24198D200071C7E9 = {
			isa = PBXGroup;
			children = (
				61A3DA0724198D200071C7E9 /* Survey Schedule */,
				61A3DA0624198D200071C7E9 /* Products */,
				CA81FAA1C752A06B4E55655D /* Pods */,
				1DEAE3CA79FB20FC5A4FE22E /* Frameworks */,
			);
			sourceTree = "<group>";
		};
		61A3DA0624198D200071C7E9 /* Products */ = {
			isa = PBXGroup;
			children = (
				61A3DA0524198D200071C7E9 /* Survey Schedule.app */,
			);
			name = Products;
			sourceTree = "<group>";
		};
		61A3DA0724198D200071C7E9 /* Survey Schedule */ = {
			isa = PBXGroup;
			children = (
				61A3DA722425DFB40071C7E9 /* Resources */,
				615A92D82435071D000AEEE5 /* Models */,
				615A92DD2436F022000AEEE5 /* Views */,
				61A3DA0824198D200071C7E9 /* AppDelegate.swift */,
				61A3DA0A24198D200071C7E9 /* SceneDelegate.swift */,
				61A3DA6F241F04750071C7E9 /* MainView.swift */,
				615A92D7242EAEE2000AEEE5 /* Routing */,
				61A3DA5E241EAF580071C7E9 /* Next Station */,
				61A3DA5F241EAFC90071C7E9 /* Schedule */,
				61A3DA6A241EC47F0071C7E9 /* Troubles */,
				61A3DA0E24198D210071C7E9 /* Assets.xcassets */,
				61A3DA1324198D210071C7E9 /* LaunchScreen.storyboard */,
				61A3DA1624198D210071C7E9 /* Info.plist */,
				61A3DA1024198D210071C7E9 /* Preview Content */,
				61A3DA3C2419C3820071C7E9 /* MainViewController.swift */,
			);
			path = "Survey Schedule";
			sourceTree = "<group>";
		};
		61A3DA1024198D210071C7E9 /* Preview Content */ = {
			isa = PBXGroup;
			children = (
				61A3DA1124198D210071C7E9 /* Preview Assets.xcassets */,
			);
			path = "Preview Content";
			sourceTree = "<group>";
		};
		61A3DA5E241EAF580071C7E9 /* Next Station */ = {
			isa = PBXGroup;
			children = (
				61A3DA55241DA6790071C7E9 /* NextStatCardView.swift */,
				61A3DA59241EA1B00071C7E9 /* DoneButtonView.swift */,
			);
			name = "Next Station";
			sourceTree = "<group>";
		};
		61A3DA5F241EAFC90071C7E9 /* Schedule */ = {
			isa = PBXGroup;
			children = (
				61A3DA68241EB9750071C7E9 /* ScheduleCardView.swift */,
				61A3DA64241EB7780071C7E9 /* MasterButtonView.swift */,
				61A3DA66241EB8C60071C7E9 /* AllStationsButtonView.swift */,
				615A92DB2435A5A9000AEEE5 /* StationDetails.swift */,
			);
			path = Schedule;
			sourceTree = "<group>";
		};
		61A3DA6A241EC47F0071C7E9 /* Troubles */ = {
			isa = PBXGroup;
			children = (
				61A3DA6D241EFC5D0071C7E9 /* TroublesCardView.swift */,
				61A3DA6B241EC5940071C7E9 /* HavingTroubleButtonView.swift */,
			);
			name = Troubles;
			path = Schedule;
			sourceTree = "<group>";
		};
		61A3DA722425DFB40071C7E9 /* Resources */ = {
			isa = PBXGroup;
			children = (
				615A92832426FAD7000AEEE5 /* cluster_info.json */,
				619847D02442E3C7005FA1F3 /* stat_perm_cache.json */,
				6132195924457B7C00FFFC22 /* stat_perm_start_cache.json */,
				615A92842426FAD7000AEEE5 /* stat_info.json */,
				615A92852426FAD7000AEEE5 /* stat_travel_time.json */,
				615A92E22436F8F0000AEEE5 /* chilkoottrail.jpg */,
			);
			path = Resources;
			sourceTree = "<group>";
		};
		CA81FAA1C752A06B4E55655D /* Pods */ = {
			isa = PBXGroup;
			children = (
				0B4511DF892270897DD2FD6F /* Pods-Survey Schedule.debug.xcconfig */,
				3CA31DC08A2C805C7794E953 /* Pods-Survey Schedule.release.xcconfig */,
			);
			path = Pods;
			sourceTree = "<group>";
		};
/* End PBXGroup section */

/* Begin PBXNativeTarget section */
		61A3DA0424198D200071C7E9 /* Survey Schedule */ = {
			isa = PBXNativeTarget;
			buildConfigurationList = 61A3DA2F24198D210071C7E9 /* Build configuration list for PBXNativeTarget "Survey Schedule" */;
			buildPhases = (
				5D5D86B088C703AF805BBA22 /* [CP] Check Pods Manifest.lock */,
				61A3DA0124198D200071C7E9 /* Sources */,
				61A3DA0224198D200071C7E9 /* Frameworks */,
				61A3DA0324198D200071C7E9 /* Resources */,
				94FC4EF03E84086BF2BD693D /* [CP] Embed Pods Frameworks */,
			);
			buildRules = (
			);
			dependencies = (
			);
			name = "Survey Schedule";
			productName = "Survey Schedule";
			productReference = 61A3DA0524198D200071C7E9 /* Survey Schedule.app */;
			productType = "com.apple.product-type.application";
		};
/* End PBXNativeTarget section */

/* Begin PBXProject section */
		61A3D9FD24198D200071C7E9 /* Project object */ = {
			isa = PBXProject;
			attributes = {
				LastSwiftUpdateCheck = 1130;
				LastUpgradeCheck = 1130;
				ORGANIZATIONNAME = "Jasper Hsieh";
				TargetAttributes = {
					61A3DA0424198D200071C7E9 = {
						CreatedOnToolsVersion = 11.3.1;
					};
				};
			};
			buildConfigurationList = 61A3DA0024198D200071C7E9 /* Build configuration list for PBXProject "Survey Schedule" */;
			compatibilityVersion = "Xcode 9.3";
			developmentRegion = en;
			hasScannedForEncodings = 0;
			knownRegions = (
				en,
				Base,
			);
			mainGroup = 61A3D9FC24198D200071C7E9;
			productRefGroup = 61A3DA0624198D200071C7E9 /* Products */;
			projectDirPath = "";
			projectRoot = "";
			targets = (
				61A3DA0424198D200071C7E9 /* Survey Schedule */,
			);
		};
/* End PBXProject section */

/* Begin PBXResourcesBuildPhase section */
		61A3DA0324198D200071C7E9 /* Resources */ = {
			isa = PBXResourcesBuildPhase;
			buildActionMask = 2147483647;
			files = (
				61A3DA1524198D210071C7E9 /* LaunchScreen.storyboard in Resources */,
				615A92E32436F8F0000AEEE5 /* chilkoottrail.jpg in Resources */,
				615A92872426FAD7000AEEE5 /* stat_info.json in Resources */,
				61A3DA1224198D210071C7E9 /* Preview Assets.xcassets in Resources */,
				6132195A24457B7C00FFFC22 /* stat_perm_start_cache.json in Resources */,
				619847D12442E3C7005FA1F3 /* stat_perm_cache.json in Resources */,
				61A3DA0F24198D210071C7E9 /* Assets.xcassets in Resources */,
				615A92882426FAD7000AEEE5 /* stat_travel_time.json in Resources */,
				615A92862426FAD7000AEEE5 /* cluster_info.json in Resources */,
			);
			runOnlyForDeploymentPostprocessing = 0;
		};
/* End PBXResourcesBuildPhase section */

/* Begin PBXShellScriptBuildPhase section */
		5D5D86B088C703AF805BBA22 /* [CP] Check Pods Manifest.lock */ = {
			isa = PBXShellScriptBuildPhase;
			buildActionMask = 2147483647;
			files = (
			);
			inputFileListPaths = (
			);
			inputPaths = (
				"${PODS_PODFILE_DIR_PATH}/Podfile.lock",
				"${PODS_ROOT}/Manifest.lock",
			);
			name = "[CP] Check Pods Manifest.lock";
			outputFileListPaths = (
			);
			outputPaths = (
				"$(DERIVED_FILE_DIR)/Pods-Survey Schedule-checkManifestLockResult.txt",
			);
			runOnlyForDeploymentPostprocessing = 0;
			shellPath = /bin/sh;
			shellScript = "diff \"${PODS_PODFILE_DIR_PATH}/Podfile.lock\" \"${PODS_ROOT}/Manifest.lock\" > /dev/null\nif [ $? != 0 ] ; then\n    # print error to STDERR\n    echo \"error: The sandbox is not in sync with the Podfile.lock. Run 'pod install' or update your CocoaPods installation.\" >&2\n    exit 1\nfi\n# This output is used by Xcode 'outputs' to avoid re-running this script phase.\necho \"SUCCESS\" > \"${SCRIPT_OUTPUT_FILE_0}\"\n";
			showEnvVarsInLog = 0;
		};
		94FC4EF03E84086BF2BD693D /* [CP] Embed Pods Frameworks */ = {
			isa = PBXShellScriptBuildPhase;
			buildActionMask = 2147483647;
			files = (
			);
			inputFileListPaths = (
				"${PODS_ROOT}/Target Support Files/Pods-Survey Schedule/Pods-Survey Schedule-frameworks-${CONFIGURATION}-input-files.xcfilelist",
			);
			name = "[CP] Embed Pods Frameworks";
			outputFileListPaths = (
				"${PODS_ROOT}/Target Support Files/Pods-Survey Schedule/Pods-Survey Schedule-frameworks-${CONFIGURATION}-output-files.xcfilelist",
			);
			runOnlyForDeploymentPostprocessing = 0;
			shellPath = /bin/sh;
			shellScript = "\"${PODS_ROOT}/Target Support Files/Pods-Survey Schedule/Pods-Survey Schedule-frameworks.sh\"\n";
			showEnvVarsInLog = 0;
		};
/* End PBXShellScriptBuildPhase section */

/* Begin PBXSourcesBuildPhase section */
		61A3DA0124198D200071C7E9 /* Sources */ = {
			isa = PBXSourcesBuildPhase;
			buildActionMask = 2147483647;
			files = (
				615A92E12436F0C6000AEEE5 /* StationMapView.swift in Sources */,
				61A3DA65241EB7780071C7E9 /* MasterButtonView.swift in Sources */,
				615A928A242723FC000AEEE5 /* DataUtil.swift in Sources */,
				61A3DA69241EB9750071C7E9 /* ScheduleCardView.swift in Sources */,
				615A92D6242C06C0000AEEE5 /* VisitLog.swift in Sources */,
				61A3DA6E241EFC5E0071C7E9 /* TroublesCardView.swift in Sources */,
				61A3DA0924198D200071C7E9 /* AppDelegate.swift in Sources */,
				61A3DA56241DA6790071C7E9 /* NextStatCardView.swift in Sources */,
				615A92DC2435A5A9000AEEE5 /* StationDetails.swift in Sources */,
				615A928C24282382000AEEE5 /* DynamicRouting.swift in Sources */,
				61A3DA6C241EC5940071C7E9 /* HavingTroubleButtonView.swift in Sources */,
				61A3DA0B24198D200071C7E9 /* SceneDelegate.swift in Sources */,
				615A92DA24350760000AEEE5 /* Station.swift in Sources */,
				615A92D2242AD989000AEEE5 /* StationRouting.swift in Sources */,
				6132195C2447AE4B00FFFC22 /* TimeUtil.swift in Sources */,
				615A92D02429E6A2000AEEE5 /* ClusterRouting.swift in Sources */,
				61A3DA412419E3B30071C7E9 /* MapView.swift in Sources */,
				61A3DA50241D690F0071C7E9 /* SlideOverCard.swift in Sources */,
				61A3DA3D2419C3820071C7E9 /* MainViewController.swift in Sources */,
				615A92DF2436F044000AEEE5 /* CircleImage.swift in Sources */,
				61A3DA5A241EA1B00071C7E9 /* DoneButtonView.swift in Sources */,
				61A3DA70241F04750071C7E9 /* MainView.swift in Sources */,
				61A3DA67241EB8C60071C7E9 /* AllStationsButtonView.swift in Sources */,
				61470CD0243D65690069895C /* LoadingView.swift in Sources */,
			);
			runOnlyForDeploymentPostprocessing = 0;
		};
/* End PBXSourcesBuildPhase section */

/* Begin PBXVariantGroup section */
		61A3DA1324198D210071C7E9 /* LaunchScreen.storyboard */ = {
			isa = PBXVariantGroup;
			children = (
				61A3DA1424198D210071C7E9 /* Base */,
			);
			name = LaunchScreen.storyboard;
			sourceTree = "<group>";
		};
/* End PBXVariantGroup section */

/* Begin XCBuildConfiguration section */
		61A3DA2D24198D210071C7E9 /* Debug */ = {
			isa = XCBuildConfiguration;
			buildSettings = {
				ALWAYS_SEARCH_USER_PATHS = NO;
				CLANG_ANALYZER_NONNULL = YES;
				CLANG_ANALYZER_NUMBER_OBJECT_CONVERSION = YES_AGGRESSIVE;
				CLANG_CXX_LANGUAGE_STANDARD = "gnu++14";
				CLANG_CXX_LIBRARY = "libc++";
				CLANG_ENABLE_MODULES = YES;
				CLANG_ENABLE_OBJC_ARC = YES;
				CLANG_ENABLE_OBJC_WEAK = YES;
				CLANG_WARN_BLOCK_CAPTURE_AUTORELEASING = YES;
				CLANG_WARN_BOOL_CONVERSION = YES;
				CLANG_WARN_COMMA = YES;
				CLANG_WARN_CONSTANT_CONVERSION = YES;
				CLANG_WARN_DEPRECATED_OBJC_IMPLEMENTATIONS = YES;
				CLANG_WARN_DIRECT_OBJC_ISA_USAGE = YES_ERROR;
				CLANG_WARN_DOCUMENTATION_COMMENTS = YES;
				CLANG_WARN_EMPTY_BODY = YES;
				CLANG_WARN_ENUM_CONVERSION = YES;
				CLANG_WARN_INFINITE_RECURSION = YES;
				CLANG_WARN_INT_CONVERSION = YES;
				CLANG_WARN_NON_LITERAL_NULL_CONVERSION = YES;
				CLANG_WARN_OBJC_IMPLICIT_RETAIN_SELF = YES;
				CLANG_WARN_OBJC_LITERAL_CONVERSION = YES;
				CLANG_WARN_OBJC_ROOT_CLASS = YES_ERROR;
				CLANG_WARN_RANGE_LOOP_ANALYSIS = YES;
				CLANG_WARN_STRICT_PROTOTYPES = YES;
				CLANG_WARN_SUSPICIOUS_MOVE = YES;
				CLANG_WARN_UNGUARDED_AVAILABILITY = YES_AGGRESSIVE;
				CLANG_WARN_UNREACHABLE_CODE = YES;
				CLANG_WARN__DUPLICATE_METHOD_MATCH = YES;
				COPY_PHASE_STRIP = NO;
				DEBUG_INFORMATION_FORMAT = dwarf;
				ENABLE_STRICT_OBJC_MSGSEND = YES;
				ENABLE_TESTABILITY = YES;
				GCC_C_LANGUAGE_STANDARD = gnu11;
				GCC_DYNAMIC_NO_PIC = NO;
				GCC_NO_COMMON_BLOCKS = YES;
				GCC_OPTIMIZATION_LEVEL = 0;
				GCC_PREPROCESSOR_DEFINITIONS = (
					"DEBUG=1",
					"$(inherited)",
				);
				GCC_WARN_64_TO_32_BIT_CONVERSION = YES;
				GCC_WARN_ABOUT_RETURN_TYPE = YES_ERROR;
				GCC_WARN_UNDECLARED_SELECTOR = YES;
				GCC_WARN_UNINITIALIZED_AUTOS = YES_AGGRESSIVE;
				GCC_WARN_UNUSED_FUNCTION = YES;
				GCC_WARN_UNUSED_VARIABLE = YES;
				IPHONEOS_DEPLOYMENT_TARGET = 13.2;
				MTL_ENABLE_DEBUG_INFO = INCLUDE_SOURCE;
				MTL_FAST_MATH = YES;
				ONLY_ACTIVE_ARCH = YES;
				SDKROOT = iphoneos;
				SWIFT_ACTIVE_COMPILATION_CONDITIONS = DEBUG;
				SWIFT_OPTIMIZATION_LEVEL = "-Onone";
			};
			name = Debug;
		};
		61A3DA2E24198D210071C7E9 /* Release */ = {
			isa = XCBuildConfiguration;
			buildSettings = {
				ALWAYS_SEARCH_USER_PATHS = NO;
				CLANG_ANALYZER_NONNULL = YES;
				CLANG_ANALYZER_NUMBER_OBJECT_CONVERSION = YES_AGGRESSIVE;
				CLANG_CXX_LANGUAGE_STANDARD = "gnu++14";
				CLANG_CXX_LIBRARY = "libc++";
				CLANG_ENABLE_MODULES = YES;
				CLANG_ENABLE_OBJC_ARC = YES;
				CLANG_ENABLE_OBJC_WEAK = YES;
				CLANG_WARN_BLOCK_CAPTURE_AUTORELEASING = YES;
				CLANG_WARN_BOOL_CONVERSION = YES;
				CLANG_WARN_COMMA = YES;
				CLANG_WARN_CONSTANT_CONVERSION = YES;
				CLANG_WARN_DEPRECATED_OBJC_IMPLEMENTATIONS = YES;
				CLANG_WARN_DIRECT_OBJC_ISA_USAGE = YES_ERROR;
				CLANG_WARN_DOCUMENTATION_COMMENTS = YES;
				CLANG_WARN_EMPTY_BODY = YES;
				CLANG_WARN_ENUM_CONVERSION = YES;
				CLANG_WARN_INFINITE_RECURSION = YES;
				CLANG_WARN_INT_CONVERSION = YES;
				CLANG_WARN_NON_LITERAL_NULL_CONVERSION = YES;
				CLANG_WARN_OBJC_IMPLICIT_RETAIN_SELF = YES;
				CLANG_WARN_OBJC_LITERAL_CONVERSION = YES;
				CLANG_WARN_OBJC_ROOT_CLASS = YES_ERROR;
				CLANG_WARN_RANGE_LOOP_ANALYSIS = YES;
				CLANG_WARN_STRICT_PROTOTYPES = YES;
				CLANG_WARN_SUSPICIOUS_MOVE = YES;
				CLANG_WARN_UNGUARDED_AVAILABILITY = YES_AGGRESSIVE;
				CLANG_WARN_UNREACHABLE_CODE = YES;
				CLANG_WARN__DUPLICATE_METHOD_MATCH = YES;
				COPY_PHASE_STRIP = NO;
				DEBUG_INFORMATION_FORMAT = "dwarf-with-dsym";
				ENABLE_NS_ASSERTIONS = NO;
				ENABLE_STRICT_OBJC_MSGSEND = YES;
				GCC_C_LANGUAGE_STANDARD = gnu11;
				GCC_NO_COMMON_BLOCKS = YES;
				GCC_WARN_64_TO_32_BIT_CONVERSION = YES;
				GCC_WARN_ABOUT_RETURN_TYPE = YES_ERROR;
				GCC_WARN_UNDECLARED_SELECTOR = YES;
				GCC_WARN_UNINITIALIZED_AUTOS = YES_AGGRESSIVE;
				GCC_WARN_UNUSED_FUNCTION = YES;
				GCC_WARN_UNUSED_VARIABLE = YES;
				IPHONEOS_DEPLOYMENT_TARGET = 13.2;
				MTL_ENABLE_DEBUG_INFO = NO;
				MTL_FAST_MATH = YES;
				SDKROOT = iphoneos;
				SWIFT_COMPILATION_MODE = wholemodule;
				SWIFT_OPTIMIZATION_LEVEL = "-O";
				VALIDATE_PRODUCT = YES;
			};
			name = Release;
		};
		61A3DA3024198D210071C7E9 /* Debug */ = {
			isa = XCBuildConfiguration;
			baseConfigurationReference = 0B4511DF892270897DD2FD6F /* Pods-Survey Schedule.debug.xcconfig */;
			buildSettings = {
				ASSETCATALOG_COMPILER_APPICON_NAME = AppIcon;
				CODE_SIGN_STYLE = Automatic;
				DEVELOPMENT_ASSET_PATHS = "\"Survey Schedule/Preview Content\"";
				DEVELOPMENT_TEAM = 5T4LRZRCN3;
				ENABLE_PREVIEWS = YES;
				INFOPLIST_FILE = "Survey Schedule/Info.plist";
				LD_RUNPATH_SEARCH_PATHS = (
					"$(inherited)",
					"@executable_path/Frameworks",
				);
				PRODUCT_BUNDLE_IDENTIFIER = "abc.Survey-Schedule";
				PRODUCT_NAME = "$(TARGET_NAME)";
				SWIFT_VERSION = 5.0;
				TARGETED_DEVICE_FAMILY = "1,2";
			};
			name = Debug;
		};
		61A3DA3124198D210071C7E9 /* Release */ = {
			isa = XCBuildConfiguration;
			baseConfigurationReference = 3CA31DC08A2C805C7794E953 /* Pods-Survey Schedule.release.xcconfig */;
			buildSettings = {
				ASSETCATALOG_COMPILER_APPICON_NAME = AppIcon;
				CODE_SIGN_STYLE = Automatic;
				DEVELOPMENT_ASSET_PATHS = "\"Survey Schedule/Preview Content\"";
				DEVELOPMENT_TEAM = 5T4LRZRCN3;
				ENABLE_PREVIEWS = YES;
				INFOPLIST_FILE = "Survey Schedule/Info.plist";
				LD_RUNPATH_SEARCH_PATHS = (
					"$(inherited)",
					"@executable_path/Frameworks",
				);
				PRODUCT_BUNDLE_IDENTIFIER = "abc.Survey-Schedule";
				PRODUCT_NAME = "$(TARGET_NAME)";
				SWIFT_VERSION = 5.0;
				TARGETED_DEVICE_FAMILY = "1,2";
			};
			name = Release;
		};
/* End XCBuildConfiguration section */

/* Begin XCConfigurationList section */
		61A3DA0024198D200071C7E9 /* Build configuration list for PBXProject "Survey Schedule" */ = {
			isa = XCConfigurationList;
			buildConfigurations = (
				61A3DA2D24198D210071C7E9 /* Debug */,
				61A3DA2E24198D210071C7E9 /* Release */,
			);
			defaultConfigurationIsVisible = 0;
			defaultConfigurationName = Release;
		};
		61A3DA2F24198D210071C7E9 /* Build configuration list for PBXNativeTarget "Survey Schedule" */ = {
			isa = XCConfigurationList;
			buildConfigurations = (
				61A3DA3024198D210071C7E9 /* Debug */,
				61A3DA3124198D210071C7E9 /* Release */,
			);
			defaultConfigurationIsVisible = 0;
			defaultConfigurationName = Release;
		};
/* End XCConfigurationList section */
	};
	rootObject = 61A3D9FD24198D200071C7E9 /* Project object */;
}
