// !$*UTF8*$!
{
	archiveVersion = 1;
	classes = {
	};
	objectVersion = 50;
	objects = {

/* Begin PBXBuildFile section */
		61A3DA0924198D200071C7E9 /* AppDelegate.swift in Sources */ = {isa = PBXBuildFile; fileRef = 61A3DA0824198D200071C7E9 /* AppDelegate.swift */; };
		61A3DA0B24198D200071C7E9 /* SceneDelegate.swift in Sources */ = {isa = PBXBuildFile; fileRef = 61A3DA0A24198D200071C7E9 /* SceneDelegate.swift */; };
		61A3DA0D24198D200071C7E9 /* ContentView.swift in Sources */ = {isa = PBXBuildFile; fileRef = 61A3DA0C24198D200071C7E9 /* ContentView.swift */; };
		61A3DA0F24198D210071C7E9 /* Assets.xcassets in Resources */ = {isa = PBXBuildFile; fileRef = 61A3DA0E24198D210071C7E9 /* Assets.xcassets */; };
		61A3DA1224198D210071C7E9 /* Preview Assets.xcassets in Resources */ = {isa = PBXBuildFile; fileRef = 61A3DA1124198D210071C7E9 /* Preview Assets.xcassets */; };
		61A3DA1524198D210071C7E9 /* LaunchScreen.storyboard in Resources */ = {isa = PBXBuildFile; fileRef = 61A3DA1324198D210071C7E9 /* LaunchScreen.storyboard */; };
		61A3DA2024198D210071C7E9 /* Survey_ScheduleTests.swift in Sources */ = {isa = PBXBuildFile; fileRef = 61A3DA1F24198D210071C7E9 /* Survey_ScheduleTests.swift */; };
		61A3DA2B24198D210071C7E9 /* Survey_ScheduleUITests.swift in Sources */ = {isa = PBXBuildFile; fileRef = 61A3DA2A24198D210071C7E9 /* Survey_ScheduleUITests.swift */; };
		61A3DA3D2419C3820071C7E9 /* MainViewController.swift in Sources */ = {isa = PBXBuildFile; fileRef = 61A3DA3C2419C3820071C7E9 /* MainViewController.swift */; };
		61A3DA412419E3B30071C7E9 /* MapView.swift in Sources */ = {isa = PBXBuildFile; fileRef = 61A3DA402419E3B30071C7E9 /* MapView.swift */; };
/* End PBXBuildFile section */

/* Begin PBXContainerItemProxy section */
		61A3DA1C24198D210071C7E9 /* PBXContainerItemProxy */ = {
			isa = PBXContainerItemProxy;
			containerPortal = 61A3D9FD24198D200071C7E9 /* Project object */;
			proxyType = 1;
			remoteGlobalIDString = 61A3DA0424198D200071C7E9;
			remoteInfo = "Survey Schedule";
		};
		61A3DA2724198D210071C7E9 /* PBXContainerItemProxy */ = {
			isa = PBXContainerItemProxy;
			containerPortal = 61A3D9FD24198D200071C7E9 /* Project object */;
			proxyType = 1;
			remoteGlobalIDString = 61A3DA0424198D200071C7E9;
			remoteInfo = "Survey Schedule";
		};
/* End PBXContainerItemProxy section */

/* Begin PBXFileReference section */
		61A3DA0524198D200071C7E9 /* Survey Schedule.app */ = {isa = PBXFileReference; explicitFileType = wrapper.application; includeInIndex = 0; path = "Survey Schedule.app"; sourceTree = BUILT_PRODUCTS_DIR; };
		61A3DA0824198D200071C7E9 /* AppDelegate.swift */ = {isa = PBXFileReference; lastKnownFileType = sourcecode.swift; path = AppDelegate.swift; sourceTree = "<group>"; };
		61A3DA0A24198D200071C7E9 /* SceneDelegate.swift */ = {isa = PBXFileReference; lastKnownFileType = sourcecode.swift; path = SceneDelegate.swift; sourceTree = "<group>"; };
		61A3DA0C24198D200071C7E9 /* ContentView.swift */ = {isa = PBXFileReference; lastKnownFileType = sourcecode.swift; path = ContentView.swift; sourceTree = "<group>"; };
		61A3DA0E24198D210071C7E9 /* Assets.xcassets */ = {isa = PBXFileReference; lastKnownFileType = folder.assetcatalog; path = Assets.xcassets; sourceTree = "<group>"; };
		61A3DA1124198D210071C7E9 /* Preview Assets.xcassets */ = {isa = PBXFileReference; lastKnownFileType = folder.assetcatalog; path = "Preview Assets.xcassets"; sourceTree = "<group>"; };
		61A3DA1424198D210071C7E9 /* Base */ = {isa = PBXFileReference; lastKnownFileType = file.storyboard; name = Base; path = Base.lproj/LaunchScreen.storyboard; sourceTree = "<group>"; };
		61A3DA1624198D210071C7E9 /* Info.plist */ = {isa = PBXFileReference; lastKnownFileType = text.plist.xml; path = Info.plist; sourceTree = "<group>"; };
		61A3DA1B24198D210071C7E9 /* Survey ScheduleTests.xctest */ = {isa = PBXFileReference; explicitFileType = wrapper.cfbundle; includeInIndex = 0; path = "Survey ScheduleTests.xctest"; sourceTree = BUILT_PRODUCTS_DIR; };
		61A3DA1F24198D210071C7E9 /* Survey_ScheduleTests.swift */ = {isa = PBXFileReference; lastKnownFileType = sourcecode.swift; path = Survey_ScheduleTests.swift; sourceTree = "<group>"; };
		61A3DA2124198D210071C7E9 /* Info.plist */ = {isa = PBXFileReference; lastKnownFileType = text.plist.xml; path = Info.plist; sourceTree = "<group>"; };
		61A3DA2624198D210071C7E9 /* Survey ScheduleUITests.xctest */ = {isa = PBXFileReference; explicitFileType = wrapper.cfbundle; includeInIndex = 0; path = "Survey ScheduleUITests.xctest"; sourceTree = BUILT_PRODUCTS_DIR; };
		61A3DA2A24198D210071C7E9 /* Survey_ScheduleUITests.swift */ = {isa = PBXFileReference; lastKnownFileType = sourcecode.swift; path = Survey_ScheduleUITests.swift; sourceTree = "<group>"; };
		61A3DA2C24198D210071C7E9 /* Info.plist */ = {isa = PBXFileReference; lastKnownFileType = text.plist.xml; path = Info.plist; sourceTree = "<group>"; };
		61A3DA3C2419C3820071C7E9 /* MainViewController.swift */ = {isa = PBXFileReference; lastKnownFileType = sourcecode.swift; path = MainViewController.swift; sourceTree = "<group>"; };
		61A3DA402419E3B30071C7E9 /* MapView.swift */ = {isa = PBXFileReference; lastKnownFileType = sourcecode.swift; path = MapView.swift; sourceTree = "<group>"; };
/* End PBXFileReference section */

/* Begin PBXFrameworksBuildPhase section */
		61A3DA0224198D200071C7E9 /* Frameworks */ = {
			isa = PBXFrameworksBuildPhase;
			buildActionMask = 2147483647;
			files = (
			);
			runOnlyForDeploymentPostprocessing = 0;
		};
		61A3DA1824198D210071C7E9 /* Frameworks */ = {
			isa = PBXFrameworksBuildPhase;
			buildActionMask = 2147483647;
			files = (
			);
			runOnlyForDeploymentPostprocessing = 0;
		};
		61A3DA2324198D210071C7E9 /* Frameworks */ = {
			isa = PBXFrameworksBuildPhase;
			buildActionMask = 2147483647;
			files = (
			);
			runOnlyForDeploymentPostprocessing = 0;
		};
/* End PBXFrameworksBuildPhase section */

/* Begin PBXGroup section */
		61A3D9FC24198D200071C7E9 = {
			isa = PBXGroup;
			children = (
				61A3DA0724198D200071C7E9 /* Survey Schedule */,
				61A3DA1E24198D210071C7E9 /* Survey ScheduleTests */,
				61A3DA2924198D210071C7E9 /* Survey ScheduleUITests */,
				61A3DA0624198D200071C7E9 /* Products */,
			);
			sourceTree = "<group>";
		};
		61A3DA0624198D200071C7E9 /* Products */ = {
			isa = PBXGroup;
			children = (
				61A3DA0524198D200071C7E9 /* Survey Schedule.app */,
				61A3DA1B24198D210071C7E9 /* Survey ScheduleTests.xctest */,
				61A3DA2624198D210071C7E9 /* Survey ScheduleUITests.xctest */,
			);
			name = Products;
			sourceTree = "<group>";
		};
		61A3DA0724198D200071C7E9 /* Survey Schedule */ = {
			isa = PBXGroup;
			children = (
				61A3DA0824198D200071C7E9 /* AppDelegate.swift */,
				61A3DA0A24198D200071C7E9 /* SceneDelegate.swift */,
				61A3DA0C24198D200071C7E9 /* ContentView.swift */,
				61A3DA402419E3B30071C7E9 /* MapView.swift */,
				61A3DA0E24198D210071C7E9 /* Assets.xcassets */,
				61A3DA1324198D210071C7E9 /* LaunchScreen.storyboard */,
				61A3DA1624198D210071C7E9 /* Info.plist */,
				61A3DA1024198D210071C7E9 /* Preview Content */,
				61A3DA3C2419C3820071C7E9 /* MainViewController.swift */,
			);
			path = "Survey Schedule";
			sourceTree = "<group>";
		};
		61A3DA1024198D210071C7E9 /* Preview Content */ = {
			isa = PBXGroup;
			children = (
				61A3DA1124198D210071C7E9 /* Preview Assets.xcassets */,
			);
			path = "Preview Content";
			sourceTree = "<group>";
		};
		61A3DA1E24198D210071C7E9 /* Survey ScheduleTests */ = {
			isa = PBXGroup;
			children = (
				61A3DA1F24198D210071C7E9 /* Survey_ScheduleTests.swift */,
				61A3DA2124198D210071C7E9 /* Info.plist */,
			);
			path = "Survey ScheduleTests";
			sourceTree = "<group>";
		};
		61A3DA2924198D210071C7E9 /* Survey ScheduleUITests */ = {
			isa = PBXGroup;
			children = (
				61A3DA2A24198D210071C7E9 /* Survey_ScheduleUITests.swift */,
				61A3DA2C24198D210071C7E9 /* Info.plist */,
			);
			path = "Survey ScheduleUITests";
			sourceTree = "<group>";
		};
/* End PBXGroup section */

/* Begin PBXNativeTarget section */
		61A3DA0424198D200071C7E9 /* Survey Schedule */ = {
			isa = PBXNativeTarget;
			buildConfigurationList = 61A3DA2F24198D210071C7E9 /* Build configuration list for PBXNativeTarget "Survey Schedule" */;
			buildPhases = (
				61A3DA0124198D200071C7E9 /* Sources */,
				61A3DA0224198D200071C7E9 /* Frameworks */,
				61A3DA0324198D200071C7E9 /* Resources */,
			);
			buildRules = (
			);
			dependencies = (
			);
			name = "Survey Schedule";
			productName = "Survey Schedule";
			productReference = 61A3DA0524198D200071C7E9 /* Survey Schedule.app */;
			productType = "com.apple.product-type.application";
		};
		61A3DA1A24198D210071C7E9 /* Survey ScheduleTests */ = {
			isa = PBXNativeTarget;
			buildConfigurationList = 61A3DA3224198D210071C7E9 /* Build configuration list for PBXNativeTarget "Survey ScheduleTests" */;
			buildPhases = (
				61A3DA1724198D210071C7E9 /* Sources */,
				61A3DA1824198D210071C7E9 /* Frameworks */,
				61A3DA1924198D210071C7E9 /* Resources */,
			);
			buildRules = (
			);
			dependencies = (
				61A3DA1D24198D210071C7E9 /* PBXTargetDependency */,
			);
			name = "Survey ScheduleTests";
			productName = "Survey ScheduleTests";
			productReference = 61A3DA1B24198D210071C7E9 /* Survey ScheduleTests.xctest */;
			productType = "com.apple.product-type.bundle.unit-test";
		};
		61A3DA2524198D210071C7E9 /* Survey ScheduleUITests */ = {
			isa = PBXNativeTarget;
			buildConfigurationList = 61A3DA3524198D210071C7E9 /* Build configuration list for PBXNativeTarget "Survey ScheduleUITests" */;
			buildPhases = (
				61A3DA2224198D210071C7E9 /* Sources */,
				61A3DA2324198D210071C7E9 /* Frameworks */,
				61A3DA2424198D210071C7E9 /* Resources */,
			);
			buildRules = (
			);
			dependencies = (
				61A3DA2824198D210071C7E9 /* PBXTargetDependency */,
			);
			name = "Survey ScheduleUITests";
			productName = "Survey ScheduleUITests";
			productReference = 61A3DA2624198D210071C7E9 /* Survey ScheduleUITests.xctest */;
			productType = "com.apple.product-type.bundle.ui-testing";
		};
/* End PBXNativeTarget section */

/* Begin PBXProject section */
		61A3D9FD24198D200071C7E9 /* Project object */ = {
			isa = PBXProject;
			attributes = {
				LastSwiftUpdateCheck = 1130;
				LastUpgradeCheck = 1130;
				ORGANIZATIONNAME = "Jasper Hsieh";
				TargetAttributes = {
					61A3DA0424198D200071C7E9 = {
						CreatedOnToolsVersion = 11.3.1;
					};
					61A3DA1A24198D210071C7E9 = {
						CreatedOnToolsVersion = 11.3.1;
						TestTargetID = 61A3DA0424198D200071C7E9;
					};
					61A3DA2524198D210071C7E9 = {
						CreatedOnToolsVersion = 11.3.1;
						TestTargetID = 61A3DA0424198D200071C7E9;
					};
				};
			};
			buildConfigurationList = 61A3DA0024198D200071C7E9 /* Build configuration list for PBXProject "Survey Schedule" */;
			compatibilityVersion = "Xcode 9.3";
			developmentRegion = en;
			hasScannedForEncodings = 0;
			knownRegions = (
				en,
				Base,
			);
			mainGroup = 61A3D9FC24198D200071C7E9;
			productRefGroup = 61A3DA0624198D200071C7E9 /* Products */;
			projectDirPath = "";
			projectRoot = "";
			targets = (
				61A3DA0424198D200071C7E9 /* Survey Schedule */,
				61A3DA1A24198D210071C7E9 /* Survey ScheduleTests */,
				61A3DA2524198D210071C7E9 /* Survey ScheduleUITests */,
			);
		};
/* End PBXProject section */

/* Begin PBXResourcesBuildPhase section */
		61A3DA0324198D200071C7E9 /* Resources */ = {
			isa = PBXResourcesBuildPhase;
			buildActionMask = 2147483647;
			files = (
				61A3DA1524198D210071C7E9 /* LaunchScreen.storyboard in Resources */,
				61A3DA1224198D210071C7E9 /* Preview Assets.xcassets in Resources */,
				61A3DA0F24198D210071C7E9 /* Assets.xcassets in Resources */,
			);
			runOnlyForDeploymentPostprocessing = 0;
		};
		61A3DA1924198D210071C7E9 /* Resources */ = {
			isa = PBXResourcesBuildPhase;
			buildActionMask = 2147483647;
			files = (
			);
			runOnlyForDeploymentPostprocessing = 0;
		};
		61A3DA2424198D210071C7E9 /* Resources */ = {
			isa = PBXResourcesBuildPhase;
			buildActionMask = 2147483647;
			files = (
			);
			runOnlyForDeploymentPostprocessing = 0;
		};
/* End PBXResourcesBuildPhase section */

/* Begin PBXSourcesBuildPhase section */
		61A3DA0124198D200071C7E9 /* Sources */ = {
			isa = PBXSourcesBuildPhase;
			buildActionMask = 2147483647;
			files = (
				61A3DA0924198D200071C7E9 /* AppDelegate.swift in Sources */,
				61A3DA0B24198D200071C7E9 /* SceneDelegate.swift in Sources */,
				61A3DA412419E3B30071C7E9 /* MapView.swift in Sources */,
				61A3DA0D24198D200071C7E9 /* ContentView.swift in Sources */,
				61A3DA3D2419C3820071C7E9 /* MainViewController.swift in Sources */,
			);
			runOnlyForDeploymentPostprocessing = 0;
		};
		61A3DA1724198D210071C7E9 /* Sources */ = {
			isa = PBXSourcesBuildPhase;
			buildActionMask = 2147483647;
			files = (
				61A3DA2024198D210071C7E9 /* Survey_ScheduleTests.swift in Sources */,
			);
			runOnlyForDeploymentPostprocessing = 0;
		};
		61A3DA2224198D210071C7E9 /* Sources */ = {
			isa = PBXSourcesBuildPhase;
			buildActionMask = 2147483647;
			files = (
				61A3DA2B24198D210071C7E9 /* Survey_ScheduleUITests.swift in Sources */,
			);
			runOnlyForDeploymentPostprocessing = 0;
		};
/* End PBXSourcesBuildPhase section */

/* Begin PBXTargetDependency section */
		61A3DA1D24198D210071C7E9 /* PBXTargetDependency */ = {
			isa = PBXTargetDependency;
			target = 61A3DA0424198D200071C7E9 /* Survey Schedule */;
			targetProxy = 61A3DA1C24198D210071C7E9 /* PBXContainerItemProxy */;
		};
		61A3DA2824198D210071C7E9 /* PBXTargetDependency */ = {
			isa = PBXTargetDependency;
			target = 61A3DA0424198D200071C7E9 /* Survey Schedule */;
			targetProxy = 61A3DA2724198D210071C7E9 /* PBXContainerItemProxy */;
		};
/* End PBXTargetDependency section */

/* Begin PBXVariantGroup section */
		61A3DA1324198D210071C7E9 /* LaunchScreen.storyboard */ = {
			isa = PBXVariantGroup;
			children = (
				61A3DA1424198D210071C7E9 /* Base */,
			);
			name = LaunchScreen.storyboard;
			sourceTree = "<group>";
		};
/* End PBXVariantGroup section */

/* Begin XCBuildConfiguration section */
		61A3DA2D24198D210071C7E9 /* Debug */ = {
			isa = XCBuildConfiguration;
			buildSettings = {
				ALWAYS_SEARCH_USER_PATHS = NO;
				CLANG_ANALYZER_NONNULL = YES;
				CLANG_ANALYZER_NUMBER_OBJECT_CONVERSION = YES_AGGRESSIVE;
				CLANG_CXX_LANGUAGE_STANDARD = "gnu++14";
				CLANG_CXX_LIBRARY = "libc++";
				CLANG_ENABLE_MODULES = YES;
				CLANG_ENABLE_OBJC_ARC = YES;
				CLANG_ENABLE_OBJC_WEAK = YES;
				CLANG_WARN_BLOCK_CAPTURE_AUTORELEASING = YES;
				CLANG_WARN_BOOL_CONVERSION = YES;
				CLANG_WARN_COMMA = YES;
				CLANG_WARN_CONSTANT_CONVERSION = YES;
				CLANG_WARN_DEPRECATED_OBJC_IMPLEMENTATIONS = YES;
				CLANG_WARN_DIRECT_OBJC_ISA_USAGE = YES_ERROR;
				CLANG_WARN_DOCUMENTATION_COMMENTS = YES;
				CLANG_WARN_EMPTY_BODY = YES;
				CLANG_WARN_ENUM_CONVERSION = YES;
				CLANG_WARN_INFINITE_RECURSION = YES;
				CLANG_WARN_INT_CONVERSION = YES;
				CLANG_WARN_NON_LITERAL_NULL_CONVERSION = YES;
				CLANG_WARN_OBJC_IMPLICIT_RETAIN_SELF = YES;
				CLANG_WARN_OBJC_LITERAL_CONVERSION = YES;
				CLANG_WARN_OBJC_ROOT_CLASS = YES_ERROR;
				CLANG_WARN_RANGE_LOOP_ANALYSIS = YES;
				CLANG_WARN_STRICT_PROTOTYPES = YES;
				CLANG_WARN_SUSPICIOUS_MOVE = YES;
				CLANG_WARN_UNGUARDED_AVAILABILITY = YES_AGGRESSIVE;
				CLANG_WARN_UNREACHABLE_CODE = YES;
				CLANG_WARN__DUPLICATE_METHOD_MATCH = YES;
				COPY_PHASE_STRIP = NO;
				DEBUG_INFORMATION_FORMAT = dwarf;
				ENABLE_STRICT_OBJC_MSGSEND = YES;
				ENABLE_TESTABILITY = YES;
				GCC_C_LANGUAGE_STANDARD = gnu11;
				GCC_DYNAMIC_NO_PIC = NO;
				GCC_NO_COMMON_BLOCKS = YES;
				GCC_OPTIMIZATION_LEVEL = 0;
				GCC_PREPROCESSOR_DEFINITIONS = (
					"DEBUG=1",
					"$(inherited)",
				);
				GCC_WARN_64_TO_32_BIT_CONVERSION = YES;
				GCC_WARN_ABOUT_RETURN_TYPE = YES_ERROR;
				GCC_WARN_UNDECLARED_SELECTOR = YES;
				GCC_WARN_UNINITIALIZED_AUTOS = YES_AGGRESSIVE;
				GCC_WARN_UNUSED_FUNCTION = YES;
				GCC_WARN_UNUSED_VARIABLE = YES;
				IPHONEOS_DEPLOYMENT_TARGET = 13.2;
				MTL_ENABLE_DEBUG_INFO = INCLUDE_SOURCE;
				MTL_FAST_MATH = YES;
				ONLY_ACTIVE_ARCH = YES;
				SDKROOT = iphoneos;
				SWIFT_ACTIVE_COMPILATION_CONDITIONS = DEBUG;
				SWIFT_OPTIMIZATION_LEVEL = "-Onone";
			};
			name = Debug;
		};
		61A3DA2E24198D210071C7E9 /* Release */ = {
			isa = XCBuildConfiguration;
			buildSettings = {
				ALWAYS_SEARCH_USER_PATHS = NO;
				CLANG_ANALYZER_NONNULL = YES;
				CLANG_ANALYZER_NUMBER_OBJECT_CONVERSION = YES_AGGRESSIVE;
				CLANG_CXX_LANGUAGE_STANDARD = "gnu++14";
				CLANG_CXX_LIBRARY = "libc++";
				CLANG_ENABLE_MODULES = YES;
				CLANG_ENABLE_OBJC_ARC = YES;
				CLANG_ENABLE_OBJC_WEAK = YES;
				CLANG_WARN_BLOCK_CAPTURE_AUTORELEASING = YES;
				CLANG_WARN_BOOL_CONVERSION = YES;
				CLANG_WARN_COMMA = YES;
				CLANG_WARN_CONSTANT_CONVERSION = YES;
				CLANG_WARN_DEPRECATED_OBJC_IMPLEMENTATIONS = YES;
				CLANG_WARN_DIRECT_OBJC_ISA_USAGE = YES_ERROR;
				CLANG_WARN_DOCUMENTATION_COMMENTS = YES;
				CLANG_WARN_EMPTY_BODY = YES;
				CLANG_WARN_ENUM_CONVERSION = YES;
				CLANG_WARN_INFINITE_RECURSION = YES;
				CLANG_WARN_INT_CONVERSION = YES;
				CLANG_WARN_NON_LITERAL_NULL_CONVERSION = YES;
				CLANG_WARN_OBJC_IMPLICIT_RETAIN_SELF = YES;
				CLANG_WARN_OBJC_LITERAL_CONVERSION = YES;
				CLANG_WARN_OBJC_ROOT_CLASS = YES_ERROR;
				CLANG_WARN_RANGE_LOOP_ANALYSIS = YES;
				CLANG_WARN_STRICT_PROTOTYPES = YES;
				CLANG_WARN_SUSPICIOUS_MOVE = YES;
				CLANG_WARN_UNGUARDED_AVAILABILITY = YES_AGGRESSIVE;
				CLANG_WARN_UNREACHABLE_CODE = YES;
				CLANG_WARN__DUPLICATE_METHOD_MATCH = YES;
				COPY_PHASE_STRIP = NO;
				DEBUG_INFORMATION_FORMAT = "dwarf-with-dsym";
				ENABLE_NS_ASSERTIONS = NO;
				ENABLE_STRICT_OBJC_MSGSEND = YES;
				GCC_C_LANGUAGE_STANDARD = gnu11;
				GCC_NO_COMMON_BLOCKS = YES;
				GCC_WARN_64_TO_32_BIT_CONVERSION = YES;
				GCC_WARN_ABOUT_RETURN_TYPE = YES_ERROR;
				GCC_WARN_UNDECLARED_SELECTOR = YES;
				GCC_WARN_UNINITIALIZED_AUTOS = YES_AGGRESSIVE;
				GCC_WARN_UNUSED_FUNCTION = YES;
				GCC_WARN_UNUSED_VARIABLE = YES;
				IPHONEOS_DEPLOYMENT_TARGET = 13.2;
				MTL_ENABLE_DEBUG_INFO = NO;
				MTL_FAST_MATH = YES;
				SDKROOT = iphoneos;
				SWIFT_COMPILATION_MODE = wholemodule;
				SWIFT_OPTIMIZATION_LEVEL = "-O";
				VALIDATE_PRODUCT = YES;
			};
			name = Release;
		};
		61A3DA3024198D210071C7E9 /* Debug */ = {
			isa = XCBuildConfiguration;
			buildSettings = {
				ASSETCATALOG_COMPILER_APPICON_NAME = AppIcon;
				CODE_SIGN_STYLE = Automatic;
				DEVELOPMENT_ASSET_PATHS = "\"Survey Schedule/Preview Content\"";
				ENABLE_PREVIEWS = YES;
				INFOPLIST_FILE = "Survey Schedule/Info.plist";
				LD_RUNPATH_SEARCH_PATHS = (
					"$(inherited)",
					"@executable_path/Frameworks",
				);
				PRODUCT_BUNDLE_IDENTIFIER = "abc.Survey-Schedule";
				PRODUCT_NAME = "$(TARGET_NAME)";
				SWIFT_VERSION = 5.0;
				TARGETED_DEVICE_FAMILY = "1,2";
			};
			name = Debug;
		};
		61A3DA3124198D210071C7E9 /* Release */ = {
			isa = XCBuildConfiguration;
			buildSettings = {
				ASSETCATALOG_COMPILER_APPICON_NAME = AppIcon;
				CODE_SIGN_STYLE = Automatic;
				DEVELOPMENT_ASSET_PATHS = "\"Survey Schedule/Preview Content\"";
				ENABLE_PREVIEWS = YES;
				INFOPLIST_FILE = "Survey Schedule/Info.plist";
				LD_RUNPATH_SEARCH_PATHS = (
					"$(inherited)",
					"@executable_path/Frameworks",
				);
				PRODUCT_BUNDLE_IDENTIFIER = "abc.Survey-Schedule";
				PRODUCT_NAME = "$(TARGET_NAME)";
				SWIFT_VERSION = 5.0;
				TARGETED_DEVICE_FAMILY = "1,2";
			};
			name = Release;
		};
		61A3DA3324198D210071C7E9 /* Debug */ = {
			isa = XCBuildConfiguration;
			buildSettings = {
				ALWAYS_EMBED_SWIFT_STANDARD_LIBRARIES = YES;
				BUNDLE_LOADER = "$(TEST_HOST)";
				CODE_SIGN_STYLE = Automatic;
				INFOPLIST_FILE = "Survey ScheduleTests/Info.plist";
				IPHONEOS_DEPLOYMENT_TARGET = 13.2;
				LD_RUNPATH_SEARCH_PATHS = (
					"$(inherited)",
					"@executable_path/Frameworks",
					"@loader_path/Frameworks",
				);
				PRODUCT_BUNDLE_IDENTIFIER = "abc.Survey-ScheduleTests";
				PRODUCT_NAME = "$(TARGET_NAME)";
				SWIFT_VERSION = 5.0;
				TARGETED_DEVICE_FAMILY = "1,2";
				TEST_HOST = "$(BUILT_PRODUCTS_DIR)/Survey Schedule.app/Survey Schedule";
			};
			name = Debug;
		};
		61A3DA3424198D210071C7E9 /* Release */ = {
			isa = XCBuildConfiguration;
			buildSettings = {
				ALWAYS_EMBED_SWIFT_STANDARD_LIBRARIES = YES;
				BUNDLE_LOADER = "$(TEST_HOST)";
				CODE_SIGN_STYLE = Automatic;
				INFOPLIST_FILE = "Survey ScheduleTests/Info.plist";
				IPHONEOS_DEPLOYMENT_TARGET = 13.2;
				LD_RUNPATH_SEARCH_PATHS = (
					"$(inherited)",
					"@executable_path/Frameworks",
					"@loader_path/Frameworks",
				);
				PRODUCT_BUNDLE_IDENTIFIER = "abc.Survey-ScheduleTests";
				PRODUCT_NAME = "$(TARGET_NAME)";
				SWIFT_VERSION = 5.0;
				TARGETED_DEVICE_FAMILY = "1,2";
				TEST_HOST = "$(BUILT_PRODUCTS_DIR)/Survey Schedule.app/Survey Schedule";
			};
			name = Release;
		};
		61A3DA3624198D210071C7E9 /* Debug */ = {
			isa = XCBuildConfiguration;
			buildSettings = {
				ALWAYS_EMBED_SWIFT_STANDARD_LIBRARIES = YES;
				CODE_SIGN_STYLE = Automatic;
				INFOPLIST_FILE = "Survey ScheduleUITests/Info.plist";
				LD_RUNPATH_SEARCH_PATHS = (
					"$(inherited)",
					"@executable_path/Frameworks",
					"@loader_path/Frameworks",
				);
				PRODUCT_BUNDLE_IDENTIFIER = "abc.Survey-ScheduleUITests";
				PRODUCT_NAME = "$(TARGET_NAME)";
				SWIFT_VERSION = 5.0;
				TARGETED_DEVICE_FAMILY = "1,2";
				TEST_TARGET_NAME = "Survey Schedule";
			};
			name = Debug;
		};
		61A3DA3724198D210071C7E9 /* Release */ = {
			isa = XCBuildConfiguration;
			buildSettings = {
				ALWAYS_EMBED_SWIFT_STANDARD_LIBRARIES = YES;
				CODE_SIGN_STYLE = Automatic;
				INFOPLIST_FILE = "Survey ScheduleUITests/Info.plist";
				LD_RUNPATH_SEARCH_PATHS = (
					"$(inherited)",
					"@executable_path/Frameworks",
					"@loader_path/Frameworks",
				);
				PRODUCT_BUNDLE_IDENTIFIER = "abc.Survey-ScheduleUITests";
				PRODUCT_NAME = "$(TARGET_NAME)";
				SWIFT_VERSION = 5.0;
				TARGETED_DEVICE_FAMILY = "1,2";
				TEST_TARGET_NAME = "Survey Schedule";
			};
			name = Release;
		};
/* End XCBuildConfiguration section */

/* Begin XCConfigurationList section */
		61A3DA0024198D200071C7E9 /* Build configuration list for PBXProject "Survey Schedule" */ = {
			isa = XCConfigurationList;
			buildConfigurations = (
				61A3DA2D24198D210071C7E9 /* Debug */,
				61A3DA2E24198D210071C7E9 /* Release */,
			);
			defaultConfigurationIsVisible = 0;
			defaultConfigurationName = Release;
		};
		61A3DA2F24198D210071C7E9 /* Build configuration list for PBXNativeTarget "Survey Schedule" */ = {
			isa = XCConfigurationList;
			buildConfigurations = (
				61A3DA3024198D210071C7E9 /* Debug */,
				61A3DA3124198D210071C7E9 /* Release */,
			);
			defaultConfigurationIsVisible = 0;
			defaultConfigurationName = Release;
		};
		61A3DA3224198D210071C7E9 /* Build configuration list for PBXNativeTarget "Survey ScheduleTests" */ = {
			isa = XCConfigurationList;
			buildConfigurations = (
				61A3DA3324198D210071C7E9 /* Debug */,
				61A3DA3424198D210071C7E9 /* Release */,
			);
			defaultConfigurationIsVisible = 0;
			defaultConfigurationName = Release;
		};
		61A3DA3524198D210071C7E9 /* Build configuration list for PBXNativeTarget "Survey ScheduleUITests" */ = {
			isa = XCConfigurationList;
			buildConfigurations = (
				61A3DA3624198D210071C7E9 /* Debug */,
				61A3DA3724198D210071C7E9 /* Release */,
			);
			defaultConfigurationIsVisible = 0;
			defaultConfigurationName = Release;
		};
/* End XCConfigurationList section */
	};
	rootObject = 61A3D9FD24198D200071C7E9 /* Project object */;
}
